// !$*UTF8*$!
{
	archiveVersion = 1;
	classes = {
	};
	objectVersion = 50;
	objects = {

/* Begin PBXBuildFile section */
		9B39EEEF21ED1F97004A8871 /* AppDelegate.swift in Sources */ = {isa = PBXBuildFile; fileRef = 9B39EEEE21ED1F97004A8871 /* AppDelegate.swift */; };
		9B39EEF621ED1F98004A8871 /* Assets.xcassets in Resources */ = {isa = PBXBuildFile; fileRef = 9B39EEF521ED1F98004A8871 /* Assets.xcassets */; };
		9B39EEF921ED1F98004A8871 /* LaunchScreen.storyboard in Resources */ = {isa = PBXBuildFile; fileRef = 9B39EEF721ED1F98004A8871 /* LaunchScreen.storyboard */; };
		9B39EF0F21ED1FF3004A8871 /* UserProfileViewController.swift in Sources */ = {isa = PBXBuildFile; fileRef = 9B39EF0E21ED1FF3004A8871 /* UserProfileViewController.swift */; };
		9B39EF1121ED21C9004A8871 /* Coordinator.swift in Sources */ = {isa = PBXBuildFile; fileRef = 9B39EF1021ED21C9004A8871 /* Coordinator.swift */; };
		9B39EF1321ED22F3004A8871 /* UserProfileReducers.swift in Sources */ = {isa = PBXBuildFile; fileRef = 9B39EF1221ED22F3004A8871 /* UserProfileReducers.swift */; };
		9B39EF1821ED356A004A8871 /* Environment.swift in Sources */ = {isa = PBXBuildFile; fileRef = 9B39EF1721ED356A004A8871 /* Environment.swift */; };
		9B39EF1A21ED3592004A8871 /* APIClient.swift in Sources */ = {isa = PBXBuildFile; fileRef = 9B39EF1921ED3592004A8871 /* APIClient.swift */; };
		9B39EF1C21ED363A004A8871 /* MockEnvironment.swift in Sources */ = {isa = PBXBuildFile; fileRef = 9B39EF1B21ED363A004A8871 /* MockEnvironment.swift */; };
		9BC6609C21EFC81700E1B1A4 /* Reducer.swift in Sources */ = {isa = PBXBuildFile; fileRef = 9BC6609B21EFC81700E1B1A4 /* Reducer.swift */; };
		9BC6609E21EFCAE300E1B1A4 /* UserProfileReducerTests.swift in Sources */ = {isa = PBXBuildFile; fileRef = 9BC6609D21EFCAE300E1B1A4 /* UserProfileReducerTests.swift */; };
/* End PBXBuildFile section */

/* Begin PBXContainerItemProxy section */
		9B39EF0021ED1F98004A8871 /* PBXContainerItemProxy */ = {
			isa = PBXContainerItemProxy;
			containerPortal = 9B39EEE321ED1F97004A8871 /* Project object */;
			proxyType = 1;
			remoteGlobalIDString = 9B39EEEA21ED1F97004A8871;
			remoteInfo = StateMVVM;
		};
/* End PBXContainerItemProxy section */

/* Begin PBXFileReference section */
		9B39EEEB21ED1F97004A8871 /* StateMVVM.app */ = {isa = PBXFileReference; explicitFileType = wrapper.application; includeInIndex = 0; path = StateMVVM.app; sourceTree = BUILT_PRODUCTS_DIR; };
		9B39EEEE21ED1F97004A8871 /* AppDelegate.swift */ = {isa = PBXFileReference; lastKnownFileType = sourcecode.swift; path = AppDelegate.swift; sourceTree = "<group>"; };
		9B39EEF521ED1F98004A8871 /* Assets.xcassets */ = {isa = PBXFileReference; lastKnownFileType = folder.assetcatalog; path = Assets.xcassets; sourceTree = "<group>"; };
		9B39EEF821ED1F98004A8871 /* Base */ = {isa = PBXFileReference; lastKnownFileType = file.storyboard; name = Base; path = Base.lproj/LaunchScreen.storyboard; sourceTree = "<group>"; };
		9B39EEFA21ED1F98004A8871 /* Info.plist */ = {isa = PBXFileReference; lastKnownFileType = text.plist.xml; path = Info.plist; sourceTree = "<group>"; };
		9B39EEFF21ED1F98004A8871 /* StateMVVMTests.xctest */ = {isa = PBXFileReference; explicitFileType = wrapper.cfbundle; includeInIndex = 0; path = StateMVVMTests.xctest; sourceTree = BUILT_PRODUCTS_DIR; };
		9B39EF0521ED1F98004A8871 /* Info.plist */ = {isa = PBXFileReference; lastKnownFileType = text.plist.xml; path = Info.plist; sourceTree = "<group>"; };
		9B39EF0E21ED1FF3004A8871 /* UserProfileViewController.swift */ = {isa = PBXFileReference; lastKnownFileType = sourcecode.swift; path = UserProfileViewController.swift; sourceTree = "<group>"; };
		9B39EF1021ED21C9004A8871 /* Coordinator.swift */ = {isa = PBXFileReference; lastKnownFileType = sourcecode.swift; path = Coordinator.swift; sourceTree = "<group>"; };
		9B39EF1221ED22F3004A8871 /* UserProfileReducers.swift */ = {isa = PBXFileReference; lastKnownFileType = sourcecode.swift; path = UserProfileReducers.swift; sourceTree = "<group>"; };
		9B39EF1721ED356A004A8871 /* Environment.swift */ = {isa = PBXFileReference; lastKnownFileType = sourcecode.swift; path = Environment.swift; sourceTree = "<group>"; };
		9B39EF1921ED3592004A8871 /* APIClient.swift */ = {isa = PBXFileReference; lastKnownFileType = sourcecode.swift; path = APIClient.swift; sourceTree = "<group>"; };
		9B39EF1B21ED363A004A8871 /* MockEnvironment.swift */ = {isa = PBXFileReference; lastKnownFileType = sourcecode.swift; path = MockEnvironment.swift; sourceTree = "<group>"; };
		9BC6609B21EFC81700E1B1A4 /* Reducer.swift */ = {isa = PBXFileReference; lastKnownFileType = sourcecode.swift; path = Reducer.swift; sourceTree = "<group>"; };
		9BC6609D21EFCAE300E1B1A4 /* UserProfileReducerTests.swift */ = {isa = PBXFileReference; fileEncoding = 4; lastKnownFileType = sourcecode.swift; path = UserProfileReducerTests.swift; sourceTree = "<group>"; };
/* End PBXFileReference section */

/* Begin PBXFrameworksBuildPhase section */
		9B39EEE821ED1F97004A8871 /* Frameworks */ = {
			isa = PBXFrameworksBuildPhase;
			buildActionMask = 2147483647;
			files = (
			);
			runOnlyForDeploymentPostprocessing = 0;
		};
		9B39EEFC21ED1F98004A8871 /* Frameworks */ = {
			isa = PBXFrameworksBuildPhase;
			buildActionMask = 2147483647;
			files = (
			);
			runOnlyForDeploymentPostprocessing = 0;
		};
/* End PBXFrameworksBuildPhase section */

/* Begin PBXGroup section */
		9B39EEE221ED1F97004A8871 = {
			isa = PBXGroup;
			children = (
				9B39EEED21ED1F97004A8871 /* StateMVVM */,
				9B39EF0221ED1F98004A8871 /* StateMVVMTests */,
				9B39EEEC21ED1F97004A8871 /* Products */,
			);
			sourceTree = "<group>";
		};
		9B39EEEC21ED1F97004A8871 /* Products */ = {
			isa = PBXGroup;
			children = (
				9B39EEEB21ED1F97004A8871 /* StateMVVM.app */,
				9B39EEFF21ED1F98004A8871 /* StateMVVMTests.xctest */,
			);
			name = Products;
			sourceTree = "<group>";
		};
		9B39EEED21ED1F97004A8871 /* StateMVVM */ = {
			isa = PBXGroup;
			children = (
				9B39EEEE21ED1F97004A8871 /* AppDelegate.swift */,
				9B39EF1021ED21C9004A8871 /* Coordinator.swift */,
				9B39EF1721ED356A004A8871 /* Environment.swift */,
				9B39EF1921ED3592004A8871 /* APIClient.swift */,
				9BC6609B21EFC81700E1B1A4 /* Reducer.swift */,
				9B39EEF521ED1F98004A8871 /* Assets.xcassets */,
				9B39EEF721ED1F98004A8871 /* LaunchScreen.storyboard */,
				9B39EEFA21ED1F98004A8871 /* Info.plist */,
				9B39EF1421ED22F8004A8871 /* User Profile */,
			);
			path = StateMVVM;
			sourceTree = "<group>";
		};
		9B39EF0221ED1F98004A8871 /* StateMVVMTests */ = {
			isa = PBXGroup;
			children = (
				9B39EF1B21ED363A004A8871 /* MockEnvironment.swift */,
				9BC6609D21EFCAE300E1B1A4 /* UserProfileReducerTests.swift */,
				9B39EF0521ED1F98004A8871 /* Info.plist */,
			);
			path = StateMVVMTests;
			sourceTree = "<group>";
		};
		9B39EF1421ED22F8004A8871 /* User Profile */ = {
			isa = PBXGroup;
			children = (
				9B39EF0E21ED1FF3004A8871 /* UserProfileViewController.swift */,
				9B39EF1221ED22F3004A8871 /* UserProfileReducers.swift */,
			);
			path = "User Profile";
			sourceTree = "<group>";
		};
/* End PBXGroup section */

/* Begin PBXNativeTarget section */
		9B39EEEA21ED1F97004A8871 /* StateMVVM */ = {
			isa = PBXNativeTarget;
			buildConfigurationList = 9B39EF0821ED1F98004A8871 /* Build configuration list for PBXNativeTarget "StateMVVM" */;
			buildPhases = (
				9B39EEE721ED1F97004A8871 /* Sources */,
				9B39EEE821ED1F97004A8871 /* Frameworks */,
				9B39EEE921ED1F97004A8871 /* Resources */,
			);
			buildRules = (
			);
			dependencies = (
			);
			name = StateMVVM;
			productName = StateMVVM;
			productReference = 9B39EEEB21ED1F97004A8871 /* StateMVVM.app */;
			productType = "com.apple.product-type.application";
		};
		9B39EEFE21ED1F98004A8871 /* StateMVVMTests */ = {
			isa = PBXNativeTarget;
			buildConfigurationList = 9B39EF0B21ED1F98004A8871 /* Build configuration list for PBXNativeTarget "StateMVVMTests" */;
			buildPhases = (
				9B39EEFB21ED1F98004A8871 /* Sources */,
				9B39EEFC21ED1F98004A8871 /* Frameworks */,
				9B39EEFD21ED1F98004A8871 /* Resources */,
			);
			buildRules = (
			);
			dependencies = (
				9B39EF0121ED1F98004A8871 /* PBXTargetDependency */,
			);
			name = StateMVVMTests;
			productName = StateMVVMTests;
			productReference = 9B39EEFF21ED1F98004A8871 /* StateMVVMTests.xctest */;
			productType = "com.apple.product-type.bundle.unit-test";
		};
/* End PBXNativeTarget section */

/* Begin PBXProject section */
		9B39EEE321ED1F97004A8871 /* Project object */ = {
			isa = PBXProject;
			attributes = {
				LastSwiftUpdateCheck = 1010;
				LastUpgradeCheck = 1010;
				ORGANIZATIONNAME = "ShengHua Wu";
				TargetAttributes = {
					9B39EEEA21ED1F97004A8871 = {
						CreatedOnToolsVersion = 10.1;
					};
					9B39EEFE21ED1F98004A8871 = {
						CreatedOnToolsVersion = 10.1;
						LastSwiftMigration = 1010;
						TestTargetID = 9B39EEEA21ED1F97004A8871;
					};
				};
			};
			buildConfigurationList = 9B39EEE621ED1F97004A8871 /* Build configuration list for PBXProject "StateMVVM" */;
			compatibilityVersion = "Xcode 9.3";
			developmentRegion = en;
			hasScannedForEncodings = 0;
			knownRegions = (
				en,
				Base,
			);
			mainGroup = 9B39EEE221ED1F97004A8871;
			productRefGroup = 9B39EEEC21ED1F97004A8871 /* Products */;
			projectDirPath = "";
			projectRoot = "";
			targets = (
				9B39EEEA21ED1F97004A8871 /* StateMVVM */,
				9B39EEFE21ED1F98004A8871 /* StateMVVMTests */,
			);
		};
/* End PBXProject section */

/* Begin PBXResourcesBuildPhase section */
		9B39EEE921ED1F97004A8871 /* Resources */ = {
			isa = PBXResourcesBuildPhase;
			buildActionMask = 2147483647;
			files = (
				9B39EEF921ED1F98004A8871 /* LaunchScreen.storyboard in Resources */,
				9B39EEF621ED1F98004A8871 /* Assets.xcassets in Resources */,
			);
			runOnlyForDeploymentPostprocessing = 0;
		};
		9B39EEFD21ED1F98004A8871 /* Resources */ = {
			isa = PBXResourcesBuildPhase;
			buildActionMask = 2147483647;
			files = (
			);
			runOnlyForDeploymentPostprocessing = 0;
		};
/* End PBXResourcesBuildPhase section */

/* Begin PBXSourcesBuildPhase section */
		9B39EEE721ED1F97004A8871 /* Sources */ = {
			isa = PBXSourcesBuildPhase;
			buildActionMask = 2147483647;
			files = (
				9B39EEEF21ED1F97004A8871 /* AppDelegate.swift in Sources */,
				9B39EF1321ED22F3004A8871 /* UserProfileReducers.swift in Sources */,
				9B39EF0F21ED1FF3004A8871 /* UserProfileViewController.swift in Sources */,
				9B39EF1121ED21C9004A8871 /* Coordinator.swift in Sources */,
				9BC6609C21EFC81700E1B1A4 /* Reducer.swift in Sources */,
				9B39EF1821ED356A004A8871 /* Environment.swift in Sources */,
				9B39EF1A21ED3592004A8871 /* APIClient.swift in Sources */,
			);
			runOnlyForDeploymentPostprocessing = 0;
		};
		9B39EEFB21ED1F98004A8871 /* Sources */ = {
			isa = PBXSourcesBuildPhase;
			buildActionMask = 2147483647;
			files = (
				9B39EF1C21ED363A004A8871 /* MockEnvironment.swift in Sources */,
				9BC6609E21EFCAE300E1B1A4 /* UserProfileReducerTests.swift in Sources */,
			);
			runOnlyForDeploymentPostprocessing = 0;
		};
/* End PBXSourcesBuildPhase section */

/* Begin PBXTargetDependency section */
		9B39EF0121ED1F98004A8871 /* PBXTargetDependency */ = {
			isa = PBXTargetDependency;
			target = 9B39EEEA21ED1F97004A8871 /* StateMVVM */;
			targetProxy = 9B39EF0021ED1F98004A8871 /* PBXContainerItemProxy */;
		};
/* End PBXTargetDependency section */

/* Begin PBXVariantGroup section */
		9B39EEF721ED1F98004A8871 /* LaunchScreen.storyboard */ = {
			isa = PBXVariantGroup;
			children = (
				9B39EEF821ED1F98004A8871 /* Base */,
			);
			name = LaunchScreen.storyboard;
			sourceTree = "<group>";
		};
/* End PBXVariantGroup section */

/* Begin XCBuildConfiguration section */
		9B39EF0621ED1F98004A8871 /* Debug */ = {
			isa = XCBuildConfiguration;
			buildSettings = {
				ALWAYS_SEARCH_USER_PATHS = NO;
				CLANG_ANALYZER_NONNULL = YES;
				CLANG_ANALYZER_NUMBER_OBJECT_CONVERSION = YES_AGGRESSIVE;
				CLANG_CXX_LANGUAGE_STANDARD = "gnu++14";
				CLANG_CXX_LIBRARY = "libc++";
				CLANG_ENABLE_MODULES = YES;
				CLANG_ENABLE_OBJC_ARC = YES;
				CLANG_ENABLE_OBJC_WEAK = YES;
				CLANG_WARN_BLOCK_CAPTURE_AUTORELEASING = YES;
				CLANG_WARN_BOOL_CONVERSION = YES;
				CLANG_WARN_COMMA = YES;
				CLANG_WARN_CONSTANT_CONVERSION = YES;
				CLANG_WARN_DEPRECATED_OBJC_IMPLEMENTATIONS = YES;
				CLANG_WARN_DIRECT_OBJC_ISA_USAGE = YES_ERROR;
				CLANG_WARN_DOCUMENTATION_COMMENTS = YES;
				CLANG_WARN_EMPTY_BODY = YES;
				CLANG_WARN_ENUM_CONVERSION = YES;
				CLANG_WARN_INFINITE_RECURSION = YES;
				CLANG_WARN_INT_CONVERSION = YES;
				CLANG_WARN_NON_LITERAL_NULL_CONVERSION = YES;
				CLANG_WARN_OBJC_IMPLICIT_RETAIN_SELF = YES;
				CLANG_WARN_OBJC_LITERAL_CONVERSION = YES;
				CLANG_WARN_OBJC_ROOT_CLASS = YES_ERROR;
				CLANG_WARN_RANGE_LOOP_ANALYSIS = YES;
				CLANG_WARN_STRICT_PROTOTYPES = YES;
				CLANG_WARN_SUSPICIOUS_MOVE = YES;
				CLANG_WARN_UNGUARDED_AVAILABILITY = YES_AGGRESSIVE;
				CLANG_WARN_UNREACHABLE_CODE = YES;
				CLANG_WARN__DUPLICATE_METHOD_MATCH = YES;
				CODE_SIGN_IDENTITY = "iPhone Developer";
				COPY_PHASE_STRIP = NO;
				DEBUG_INFORMATION_FORMAT = dwarf;
				ENABLE_STRICT_OBJC_MSGSEND = YES;
				ENABLE_TESTABILITY = YES;
				GCC_C_LANGUAGE_STANDARD = gnu11;
				GCC_DYNAMIC_NO_PIC = NO;
				GCC_NO_COMMON_BLOCKS = YES;
				GCC_OPTIMIZATION_LEVEL = 0;
				GCC_PREPROCESSOR_DEFINITIONS = (
					"DEBUG=1",
					"$(inherited)",
				);
				GCC_WARN_64_TO_32_BIT_CONVERSION = YES;
				GCC_WARN_ABOUT_RETURN_TYPE = YES_ERROR;
				GCC_WARN_UNDECLARED_SELECTOR = YES;
				GCC_WARN_UNINITIALIZED_AUTOS = YES_AGGRESSIVE;
				GCC_WARN_UNUSED_FUNCTION = YES;
				GCC_WARN_UNUSED_VARIABLE = YES;
				IPHONEOS_DEPLOYMENT_TARGET = 12.1;
				MTL_ENABLE_DEBUG_INFO = INCLUDE_SOURCE;
				MTL_FAST_MATH = YES;
				ONLY_ACTIVE_ARCH = YES;
				SDKROOT = iphoneos;
				SWIFT_ACTIVE_COMPILATION_CONDITIONS = DEBUG;
				SWIFT_OPTIMIZATION_LEVEL = "-Onone";
			};
			name = Debug;
		};
		9B39EF0721ED1F98004A8871 /* Release */ = {
			isa = XCBuildConfiguration;
			buildSettings = {
				ALWAYS_SEARCH_USER_PATHS = NO;
				CLANG_ANALYZER_NONNULL = YES;
				CLANG_ANALYZER_NUMBER_OBJECT_CONVERSION = YES_AGGRESSIVE;
				CLANG_CXX_LANGUAGE_STANDARD = "gnu++14";
				CLANG_CXX_LIBRARY = "libc++";
				CLANG_ENABLE_MODULES = YES;
				CLANG_ENABLE_OBJC_ARC = YES;
				CLANG_ENABLE_OBJC_WEAK = YES;
				CLANG_WARN_BLOCK_CAPTURE_AUTORELEASING = YES;
				CLANG_WARN_BOOL_CONVERSION = YES;
				CLANG_WARN_COMMA = YES;
				CLANG_WARN_CONSTANT_CONVERSION = YES;
				CLANG_WARN_DEPRECATED_OBJC_IMPLEMENTATIONS = YES;
				CLANG_WARN_DIRECT_OBJC_ISA_USAGE = YES_ERROR;
				CLANG_WARN_DOCUMENTATION_COMMENTS = YES;
				CLANG_WARN_EMPTY_BODY = YES;
				CLANG_WARN_ENUM_CONVERSION = YES;
				CLANG_WARN_INFINITE_RECURSION = YES;
				CLANG_WARN_INT_CONVERSION = YES;
				CLANG_WARN_NON_LITERAL_NULL_CONVERSION = YES;
				CLANG_WARN_OBJC_IMPLICIT_RETAIN_SELF = YES;
				CLANG_WARN_OBJC_LITERAL_CONVERSION = YES;
				CLANG_WARN_OBJC_ROOT_CLASS = YES_ERROR;
				CLANG_WARN_RANGE_LOOP_ANALYSIS = YES;
				CLANG_WARN_STRICT_PROTOTYPES = YES;
				CLANG_WARN_SUSPICIOUS_MOVE = YES;
				CLANG_WARN_UNGUARDED_AVAILABILITY = YES_AGGRESSIVE;
				CLANG_WARN_UNREACHABLE_CODE = YES;
				CLANG_WARN__DUPLICATE_METHOD_MATCH = YES;
				CODE_SIGN_IDENTITY = "iPhone Developer";
				COPY_PHASE_STRIP = NO;
				DEBUG_INFORMATION_FORMAT = "dwarf-with-dsym";
				ENABLE_NS_ASSERTIONS = NO;
				ENABLE_STRICT_OBJC_MSGSEND = YES;
				GCC_C_LANGUAGE_STANDARD = gnu11;
				GCC_NO_COMMON_BLOCKS = YES;
				GCC_WARN_64_TO_32_BIT_CONVERSION = YES;
				GCC_WARN_ABOUT_RETURN_TYPE = YES_ERROR;
				GCC_WARN_UNDECLARED_SELECTOR = YES;
				GCC_WARN_UNINITIALIZED_AUTOS = YES_AGGRESSIVE;
				GCC_WARN_UNUSED_FUNCTION = YES;
				GCC_WARN_UNUSED_VARIABLE = YES;
				IPHONEOS_DEPLOYMENT_TARGET = 12.1;
				MTL_ENABLE_DEBUG_INFO = NO;
				MTL_FAST_MATH = YES;
				SDKROOT = iphoneos;
				SWIFT_COMPILATION_MODE = wholemodule;
				SWIFT_OPTIMIZATION_LEVEL = "-O";
				VALIDATE_PRODUCT = YES;
			};
			name = Release;
		};
		9B39EF0921ED1F98004A8871 /* Debug */ = {
			isa = XCBuildConfiguration;
			buildSettings = {
				ASSETCATALOG_COMPILER_APPICON_NAME = AppIcon;
				CODE_SIGN_STYLE = Automatic;
				INFOPLIST_FILE = StateMVVM/Info.plist;
				LD_RUNPATH_SEARCH_PATHS = (
					"$(inherited)",
					"@executable_path/Frameworks",
				);
				PRODUCT_BUNDLE_IDENTIFIER = org.shenghuawu.StateMVVM;
				PRODUCT_NAME = "$(TARGET_NAME)";
				SWIFT_VERSION = 4.2;
				TARGETED_DEVICE_FAMILY = "1,2";
			};
			name = Debug;
		};
		9B39EF0A21ED1F98004A8871 /* Release */ = {
			isa = XCBuildConfiguration;
			buildSettings = {
				ASSETCATALOG_COMPILER_APPICON_NAME = AppIcon;
				CODE_SIGN_STYLE = Automatic;
				INFOPLIST_FILE = StateMVVM/Info.plist;
				LD_RUNPATH_SEARCH_PATHS = (
					"$(inherited)",
					"@executable_path/Frameworks",
				);
				PRODUCT_BUNDLE_IDENTIFIER = org.shenghuawu.StateMVVM;
				PRODUCT_NAME = "$(TARGET_NAME)";
				SWIFT_VERSION = 4.2;
				TARGETED_DEVICE_FAMILY = "1,2";
			};
			name = Release;
		};
		9B39EF0C21ED1F98004A8871 /* Debug */ = {
			isa = XCBuildConfiguration;
			buildSettings = {
				ALWAYS_EMBED_SWIFT_STANDARD_LIBRARIES = YES;
				BUNDLE_LOADER = "$(TEST_HOST)";
				CLANG_ENABLE_MODULES = YES;
				CODE_SIGN_STYLE = Automatic;
				INFOPLIST_FILE = StateMVVMTests/Info.plist;
				LD_RUNPATH_SEARCH_PATHS = (
					"$(inherited)",
					"@executable_path/Frameworks",
					"@loader_path/Frameworks",
				);
				PRODUCT_BUNDLE_IDENTIFIER = org.shenghuawu.StateMVVMTests;
				PRODUCT_NAME = "$(TARGET_NAME)";
				SWIFT_OPTIMIZATION_LEVEL = "-Onone";
				SWIFT_VERSION = 4.2;
				TARGETED_DEVICE_FAMILY = "1,2";
				TEST_HOST = "$(BUILT_PRODUCTS_DIR)/StateMVVM.app/StateMVVM";
			};
			name = Debug;
		};
		9B39EF0D21ED1F98004A8871 /* Release */ = {
			isa = XCBuildConfiguration;
			buildSettings = {
				ALWAYS_EMBED_SWIFT_STANDARD_LIBRARIES = YES;
				BUNDLE_LOADER = "$(TEST_HOST)";
				CLANG_ENABLE_MODULES = YES;
				CODE_SIGN_STYLE = Automatic;
				INFOPLIST_FILE = StateMVVMTests/Info.plist;
				LD_RUNPATH_SEARCH_PATHS = (
					"$(inherited)",
					"@executable_path/Frameworks",
					"@loader_path/Frameworks",
				);
				PRODUCT_BUNDLE_IDENTIFIER = org.shenghuawu.StateMVVMTests;
				PRODUCT_NAME = "$(TARGET_NAME)";
				SWIFT_VERSION = 4.2;
				TARGETED_DEVICE_FAMILY = "1,2";
				TEST_HOST = "$(BUILT_PRODUCTS_DIR)/StateMVVM.app/StateMVVM";
			};
			name = Release;
		};
/* End XCBuildConfiguration section */

/* Begin XCConfigurationList section */
		9B39EEE621ED1F97004A8871 /* Build configuration list for PBXProject "StateMVVM" */ = {
			isa = XCConfigurationList;
			buildConfigurations = (
				9B39EF0621ED1F98004A8871 /* Debug */,
				9B39EF0721ED1F98004A8871 /* Release */,
			);
			defaultConfigurationIsVisible = 0;
			defaultConfigurationName = Release;
		};
		9B39EF0821ED1F98004A8871 /* Build configuration list for PBXNativeTarget "StateMVVM" */ = {
			isa = XCConfigurationList;
			buildConfigurations = (
				9B39EF0921ED1F98004A8871 /* Debug */,
				9B39EF0A21ED1F98004A8871 /* Release */,
			);
			defaultConfigurationIsVisible = 0;
			defaultConfigurationName = Release;
		};
		9B39EF0B21ED1F98004A8871 /* Build configuration list for PBXNativeTarget "StateMVVMTests" */ = {
			isa = XCConfigurationList;
			buildConfigurations = (
				9B39EF0C21ED1F98004A8871 /* Debug */,
				9B39EF0D21ED1F98004A8871 /* Release */,
			);
			defaultConfigurationIsVisible = 0;
			defaultConfigurationName = Release;
		};
/* End XCConfigurationList section */
	};
	rootObject = 9B39EEE321ED1F97004A8871 /* Project object */;
}
